
Microsoft Visual Studio Solution File, Format Version 12.00
# Visual Studio Version 17
VisualStudioVersion = 17.1.32407.343
MinimumVisualStudioVersion = 10.0.40219.1
Project("{FAE04EC0-301F-11D3-BF4B-00C04F79EFBC}") = "AzureCosmosDbCreateDatabaseIfNotExistsAsyncIssue", "AzureCosmosDbCreateDatabaseIfNotExistsAsyncIssue\AzureCosmosDbCreateDatabaseIfNotExistsAsyncIssue.csproj", "{4F63DE24-8E04-4D62-A5A8-0FCE2F017F04}"
EndProject
Global
	GlobalSection(SolutionConfigurationPlatforms) = preSolution
		Debug|Any CPU = Debug|Any CPU
		Release|Any CPU = Release|Any CPU
	EndGlobalSection
	GlobalSection(ProjectConfigurationPlatforms) = postSolution
		{4F63DE24-8E04-4D62-A5A8-0FCE2F017F04}.Debug|Any CPU.ActiveCfg = Debug|Any CPU
		{4F63DE24-8E04-4D62-A5A8-0FCE2F017F04}.Debug|Any CPU.Build.0 = Debug|Any CPU
		{4F63DE24-8E04-4D62-A5A8-0FCE2F017F04}.Release|Any CPU.ActiveCfg = Release|Any CPU
		{4F63DE24-8E04-4D62-A5A8-0FCE2F017F04}.Release|Any CPU.Build.0 = Release|Any CPU
	EndGlobalSection
	GlobalSection(SolutionProperties) = preSolution
		HideSolutionNode = FALSE
	EndGlobalSection
	GlobalSection(ExtensibilityGlobals) = postSolution
		SolutionGuid = {CF89F083-57A3-4E2E-8EEF-F92B7ECC2138}
	EndGlobalSection
EndGlobal
